{
  "name": "wifi-heatmapper-desktop",
  "version": "0.5.0",
  "lockfileVersion": 3,
  "requires": true,
  "packages": {
    "": {
      "name": "wifi-heatmapper-desktop",
      "version": "0.5.0",
      "devDependencies": {
        "@tauri-apps/cli": "^2.12.1"
      }
    },
    "node_modules/@tauri-apps/cli": {
      "version": "2.12.1",
      "resolved": "https://registry.npmjs.org/@tauri-apps/cli/-/cli-2.12.1.tgz",
      "integrity": "sha512-kEDEiGzG+yAc5FeLxtXpES/VN+F2C8H0r4gDVtfRLKxT9np9101d9REG/Kgo2lr0hKi0IpDsODiHnU3+naOmLg==",
      "dev": true,
      "license": "Apache-2.0 OR MIT",
      "bin": {
        "tauri": "tauri.js"
      },
      "engines": {
        "node": ">= 10"
      },
      "funding": {
        "type": "opencollective",
        "url": "https://opencollective.com/tauri"
      },
      "optionalDependencies": {
        "@tauri-apps/cli-darwin-arm64": "2.12.1",
        "@tauri-apps/cli-darwin-x64": "2.12.1",
        "@tauri-apps/cli-linux-arm-gnueabihf": "2.12.1",
        "@tauri-apps/cli-linux-arm64-gnu": "2.12.1",
        "@tauri-apps/cli-linux-arm64-musl": "2.12.1",
        "@tauri-apps/cli-linux-riscv64-gnu": "2.12.1",
        "@tauri-apps/cli-linux-x64-gnu": "2.12.1",
        "@tauri-apps/cli-linux-x64-musl": "2.12.1",
        "@tauri-apps/cli-win32-arm64-msvc": "2.12.1",
        "@tauri-apps/cli-win32-ia32-msvc": "2.12.1",
        "@tauri-apps/cli-win32-x64-msvc": "2.12.1"
      }
    },
    "node_modules/@tauri-apps/cli-darwin-arm64": {
      "version": "2.12.1",
      "resolved": "https://registry.npmjs.org/@tauri-apps/cli-darwin-arm64/-/cli-darwin-arm64-2.12.1.tgz",
      "integrity": "sha512-8bMnbpJ2jKO/ufrOPL65EMHC3ptw7fzeraoQkwibyfGLqIl+UCWsC0152kmNbW6r9NvVQduXqAZF5mH1QgTWhw==",
      "cpu": [
        "arm64"
      ],
      "dev": true,
      "license": "Apache-2.0 OR MIT",
      "optional": true,
      "os": [
        "darwin"
      ],
      "engines": {
        "node": ">= 10"
      }
    },
    "node_modules/@tauri-apps/cli-darwin-x64": {
      "version": "2.12.1",
      "resolved": "https://registry.npmjs.org/@tauri-apps/cli-darwin-x64/-/cli-darwin-x64-2.12.1.tgz",
      "integrity": "sha512-G+2qte8GNqNlEZ9ftd21rbu/APVkl3r/nzNDI7LVxEoqJWVNe9GbEgQUMH1r4PHT20Z2UxR3KjCkltIb0e/Wjg==",
      "cpu": [
        "x64"
      ],
      "dev": true,
      "license": "Apache-2.0 OR MIT",
      "optional": true,
      "os": [
        "darwin"
      ],
      "engines": {
        "node": ">= 10"
      }
    },
    "node_modules/@tauri-apps/cli-linux-arm-gnueabihf": {
      "version": "2.12.1",
      "resolved": "https://registry.npmjs.org/@tauri-apps/cli-linux-arm-gnueabihf/-/cli-linux-arm-gnueabihf-2.12.1.tgz",
      "integrity": "sha512-5b3n4DaTW+A1Zntnh4Yn44VyLrlPEpB8kMOBRfWkzNnzolBk+AYhKIfKjCLmoC8Mob3ETodxAEOMkE2YPKEWzQ==",
      "cpu": [
        "arm"
      ],
      "dev": true,
      "license": "Apache-2.0 OR MIT",
      "optional": true,
      "os": [
        "linux"
      ],
      "engines": {
        "node": ">= 10"
      }
    },
    "node_modules/@tauri-apps/cli-linux-arm64-gnu": {
      "version": "2.12.1",
      "resolved": "https://registry.npmjs.org/@tauri-apps/cli-linux-arm64-gnu/-/cli-linux-arm64-gnu-2.12.1.tgz",
      "integrity": "sha512-APArHhDu+8pXSCkCQmvaz1nD3d8WTmlCoSS/oG475TJ6AATBvyQOAmf5qELgsQ4s2+8MOsop0Zd699RKELF1Cw==",
      "cpu": [
        "arm64"
      ],
      "dev": true,
      "libc": [
        "glibc"
      ],
      "license": "Apache-2.0 OR MIT",
      "optional": true,
      "os": [
        "linux"
      ],
      "engines": {
        "node": ">= 10"
      }
    },
    "node_modules/@tauri-apps/cli-linux-arm64-musl": {
      "version": "2.12.1",
      "resolved": "https://registry.npmjs.org/@tauri-apps/cli-linux-arm64-musl/-/cli-linux-arm64-musl-2.12.1.tgz",
      "integrity": "sha512-JaCxcLoV0oGtllVkLr4UAHWG/wTfkEunnUqnsEsGYOp0VRxnUwHg63wFBD0jU2ul5eFfSLIDS4RF2gfzsSo5Jg==",
      "cpu": [
        "arm64"
      ],
      "dev": true,
      "libc": [
        "musl"
      ],
      "license": "Apache-2.0 OR MIT",
      "optional": true,
      "os": [
        "linux"
      ],
      "engines": {
        "node": ">= 10"
      }
    },
    "node_modules/@tauri-apps/cli-linux-riscv64-gnu": {
      "version": "2.12.1",
      "resolved": "https://registry.npmjs.org/@tauri-apps/cli-linux-riscv64-gnu/-/cli-linux-riscv64-gnu-2.12.1.tgz",
      "integrity": "sha512-K5+VXM7+SGVDwZleA2+lMgvbTVuA5e1tkiVEawu1Yxj26ZyEfO8h8xTC1rBdRX2xgJDSwCk6vPUBCS6i+Z5slQ==",
      "cpu": [
        "riscv64"
      ],
      "dev": true,
      "libc": [
        "glibc"
      ],
      "license": "Apache-2.0 OR MIT",
      "optional": true,
      "os": [
        "linux"
      ],
      "engines": {
        "node": ">= 10"
      }
    },
    "node_modules/@tauri-apps/cli-linux-x64-gnu": {
      "version": "2.12.1",
      "resolved": "https://registry.npmjs.org/@tauri-apps/cli-linux-x64-gnu/-/cli-linux-x64-gnu-2.12.1.tgz",
      "integrity": "sha512-Z1QGPr49HJZMktu+Spu6Q1b/f9ANadXvqZZZt2645ua1x1ev6prOgp85eiGv2jRzohFEMLo6aJyaLjLUX5KIvA==",
      "cpu": [
        "x64"
      ],
      "dev": true,
      "libc": [
        "glibc"
      ],
      "license": "Apache-2.0 OR MIT",
      "optional": true,
      "os": [
        "linux"
      ],
      "engines": {
        "node": ">= 10"
      }
    },
    "node_modules/@tauri-apps/cli-linux-x64-musl": {
      "version": "2.12.1",
      "resolved": "https://registry.npmjs.org/@tauri-apps/cli-linux-x64-musl/-/cli-linux-x64-musl-2.12.1.tgz",
      "integrity": "sha512-nHuEhRPOMSJ/8RRhtMRxB9B9lVr7xxpe4DapBz8x1GIau3vdzjHHJ1hAfmw+PyayPLZ6XoaVIHPgI17rX6ii8w==",
      "cpu": [
        "x64"
      ],
      "dev": true,
      "libc": [
        "musl"
      ],
      "license": "Apache-2.0 OR MIT",
      "optional": true,
      "os": [
        "linux"
      ],
      "engines": {
        "node": ">= 10"
      }
    },
    "node_modules/@tauri-apps/cli-win32-arm64-msvc": {
      "version": "2.12.1",
      "resolved": "https://registry.npmjs.org/@tauri-apps/cli-win32-arm64-msvc/-/cli-win32-arm64-msvc-2.12.1.tgz",
      "integrity": "sha512-I0oPk2uGh86R8dAs2X5OxSP+/GqSc8jh1Px3l8EqrocSNivsRHDTh2k3PVOqdv163dlV6PIVvmhZAbH/lPfZrA==",
      "cpu": [
        "arm64"
      ],
      "dev": true,
      "license": "Apache-2.0 OR MIT",
      "optional": true,
      "os": [
        "win32"
      ],
      "engines": {
        "node": ">= 10"
      }
    },
    "node_modules/@tauri-apps/cli-win32-ia32-msvc": {
      "version": "2.12.1",
      "resolved": "https://registry.npmjs.org/@tauri-apps/cli-win32-ia32-msvc/-/cli-win32-ia32-msvc-2.12.1.tgz",
      "integrity": "sha512-baNZRBfepAJ5qNFRMwzgBk94xQmkcmTZrNDjZjnzrq2vAaTC3NAhallb/zo3hyoCGQlMS13sdovktrg46NZz6Q==",
      "cpu": [
        "ia32"
      ],
      "dev": true,
      "license": "Apache-2.0 OR MIT",
      "optional": true,
      "os": [
        "win32"
      ],
      "engines": {
        "node": ">= 10"
      }
    },
    "node_modules/@tauri-apps/cli-win32-x64-msvc": {
      "version": "2.12.1",
      "resolved": "https://registry.npmjs.org/@tauri-apps/cli-win32-x64-msvc/-/cli-win32-x64-msvc-2.12.1.tgz",
      "integrity": "sha512-dIFaKslrzcbesb+bBh+E1R9km241pHyj32w6D9FPtvQeYpRUFbiCLEa/2S+S0UnIytfxepp4P+X8IerGqnXeYg==",
      "cpu": [
        "x64"
      ],
      "dev": true,
      "license": "Apache-2.0 OR MIT",
      "optional": true,
      "os": [
        "win32"
      ],
      "engines": {
        "node": ">= 10"
      }
    }
  }
}
